
Microsoft Visual Studio Solution File, Format Version 12.00
# Visual Studio 2012
Project("{FAE04EC0-301F-11D3-BF4B-00C04F79EFBC}") = "XamCarouselTest.Android", "XamCarouselTest.Android\XamCarouselTest.Android.csproj", "{D1CFC40F-4BA7-4FE3-BB57-E8BEAE15C1E4}"
EndProject
Project("{FAE04EC0-301F-11D3-BF4B-00C04F79EFBC}") = "XamCarouselTest.iOS", "XamCarouselTest.iOS\XamCarouselTest.iOS.csproj", "{0CA0A195-9D19-4C06-BE6D-576861484D7D}"
EndProject
Project("{FAE04EC0-301F-11D3-BF4B-00C04F79EFBC}") = "XamCarouselTest", "XamCarouselTest\XamCarouselTest.csproj", "{CA887265-D637-48E9-A8FA-18E639F740A7}"
EndProject
Global
	GlobalSection(SolutionConfigurationPlatforms) = preSolution
		Debug|Any CPU = Debug|Any CPU
		Release|Any CPU = Release|Any CPU
		Debug|iPhoneSimulator = Debug|iPhoneSimulator
		Release|iPhoneSimulator = Release|iPhoneSimulator
		Debug|iPhone = Debug|iPhone
		Release|iPhone = Release|iPhone
		Ad-Hoc|iPhone = Ad-Hoc|iPhone
		AppStore|iPhone = AppStore|iPhone
	EndGlobalSection
	GlobalSection(ProjectConfigurationPlatforms) = postSolution
		{D1CFC40F-4BA7-4FE3-BB57-E8BEAE15C1E4}.Debug|Any CPU.ActiveCfg = Debug|Any CPU
		{D1CFC40F-4BA7-4FE3-BB57-E8BEAE15C1E4}.Debug|Any CPU.Build.0 = Debug|Any CPU
		{D1CFC40F-4BA7-4FE3-BB57-E8BEAE15C1E4}.Release|Any CPU.ActiveCfg = Release|Any CPU
		{D1CFC40F-4BA7-4FE3-BB57-E8BEAE15C1E4}.Release|Any CPU.Build.0 = Release|Any CPU
		{D1CFC40F-4BA7-4FE3-BB57-E8BEAE15C1E4}.Debug|iPhoneSimulator.ActiveCfg = Debug|Any CPU
		{D1CFC40F-4BA7-4FE3-BB57-E8BEAE15C1E4}.Debug|iPhoneSimulator.Build.0 = Debug|Any CPU
		{D1CFC40F-4BA7-4FE3-BB57-E8BEAE15C1E4}.Release|iPhoneSimulator.ActiveCfg = Release|Any CPU
		{D1CFC40F-4BA7-4FE3-BB57-E8BEAE15C1E4}.Release|iPhoneSimulator.Build.0 = Release|Any CPU
		{D1CFC40F-4BA7-4FE3-BB57-E8BEAE15C1E4}.Debug|iPhone.ActiveCfg = Debug|Any CPU
		{D1CFC40F-4BA7-4FE3-BB57-E8BEAE15C1E4}.Debug|iPhone.Build.0 = Debug|Any CPU
		{D1CFC40F-4BA7-4FE3-BB57-E8BEAE15C1E4}.Release|iPhone.ActiveCfg = Release|Any CPU
		{D1CFC40F-4BA7-4FE3-BB57-E8BEAE15C1E4}.Release|iPhone.Build.0 = Release|Any CPU
		{D1CFC40F-4BA7-4FE3-BB57-E8BEAE15C1E4}.Ad-Hoc|iPhone.ActiveCfg = Debug|Any CPU
		{D1CFC40F-4BA7-4FE3-BB57-E8BEAE15C1E4}.Ad-Hoc|iPhone.Build.0 = Debug|Any CPU
		{D1CFC40F-4BA7-4FE3-BB57-E8BEAE15C1E4}.AppStore|iPhone.ActiveCfg = Debug|Any CPU
		{D1CFC40F-4BA7-4FE3-BB57-E8BEAE15C1E4}.AppStore|iPhone.Build.0 = Debug|Any CPU
		{0CA0A195-9D19-4C06-BE6D-576861484D7D}.Debug|Any CPU.ActiveCfg = Debug|iPhoneSimulator
		{0CA0A195-9D19-4C06-BE6D-576861484D7D}.Debug|Any CPU.Build.0 = Debug|iPhoneSimulator
		{0CA0A195-9D19-4C06-BE6D-576861484D7D}.Release|Any CPU.ActiveCfg = Release|iPhoneSimulator
		{0CA0A195-9D19-4C06-BE6D-576861484D7D}.Release|Any CPU.Build.0 = Release|iPhoneSimulator
		{0CA0A195-9D19-4C06-BE6D-576861484D7D}.Debug|iPhoneSimulator.ActiveCfg = Debug|iPhoneSimulator
		{0CA0A195-9D19-4C06-BE6D-576861484D7D}.Debug|iPhoneSimulator.Build.0 = Debug|iPhoneSimulator
		{0CA0A195-9D19-4C06-BE6D-576861484D7D}.Release|iPhoneSimulator.ActiveCfg = Release|iPhoneSimulator
		{0CA0A195-9D19-4C06-BE6D-576861484D7D}.Release|iPhoneSimulator.Build.0 = Release|iPhoneSimulator
		{0CA0A195-9D19-4C06-BE6D-576861484D7D}.Debug|iPhone.ActiveCfg = Debug|iPhone
		{0CA0A195-9D19-4C06-BE6D-576861484D7D}.Debug|iPhone.Build.0 = Debug|iPhone
		{0CA0A195-9D19-4C06-BE6D-576861484D7D}.Release|iPhone.ActiveCfg = Release|iPhone
		{0CA0A195-9D19-4C06-BE6D-576861484D7D}.Release|iPhone.Build.0 = Release|iPhone
		{0CA0A195-9D19-4C06-BE6D-576861484D7D}.Ad-Hoc|iPhone.ActiveCfg = Ad-Hoc|iPhone
		{0CA0A195-9D19-4C06-BE6D-576861484D7D}.Ad-Hoc|iPhone.Build.0 = Ad-Hoc|iPhone
		{0CA0A195-9D19-4C06-BE6D-576861484D7D}.AppStore|iPhone.ActiveCfg = AppStore|iPhone
		{0CA0A195-9D19-4C06-BE6D-576861484D7D}.AppStore|iPhone.Build.0 = AppStore|iPhone
		{CA887265-D637-48E9-A8FA-18E639F740A7}.Debug|Any CPU.ActiveCfg = Debug|Any CPU
		{CA887265-D637-48E9-A8FA-18E639F740A7}.Debug|Any CPU.Build.0 = Debug|Any CPU
		{CA887265-D637-48E9-A8FA-18E639F740A7}.Release|Any CPU.ActiveCfg = Release|Any CPU
		{CA887265-D637-48E9-A8FA-18E639F740A7}.Release|Any CPU.Build.0 = Release|Any CPU
		{CA887265-D637-48E9-A8FA-18E639F740A7}.Debug|iPhoneSimulator.ActiveCfg = Debug|Any CPU
		{CA887265-D637-48E9-A8FA-18E639F740A7}.Debug|iPhoneSimulator.Build.0 = Debug|Any CPU
		{CA887265-D637-48E9-A8FA-18E639F740A7}.Release|iPhoneSimulator.ActiveCfg = Release|Any CPU
		{CA887265-D637-48E9-A8FA-18E639F740A7}.Release|iPhoneSimulator.Build.0 = Release|Any CPU
		{CA887265-D637-48E9-A8FA-18E639F740A7}.Debug|iPhone.ActiveCfg = Debug|Any CPU
		{CA887265-D637-48E9-A8FA-18E639F740A7}.Debug|iPhone.Build.0 = Debug|Any CPU
		{CA887265-D637-48E9-A8FA-18E639F740A7}.Release|iPhone.ActiveCfg = Release|Any CPU
		{CA887265-D637-48E9-A8FA-18E639F740A7}.Release|iPhone.Build.0 = Release|Any CPU
		{CA887265-D637-48E9-A8FA-18E639F740A7}.Ad-Hoc|iPhone.ActiveCfg = Debug|Any CPU
		{CA887265-D637-48E9-A8FA-18E639F740A7}.Ad-Hoc|iPhone.Build.0 = Debug|Any CPU
		{CA887265-D637-48E9-A8FA-18E639F740A7}.AppStore|iPhone.ActiveCfg = Debug|Any CPU
		{CA887265-D637-48E9-A8FA-18E639F740A7}.AppStore|iPhone.Build.0 = Debug|Any CPU
	EndGlobalSection
EndGlobal
